{
  "requires": true,
  "lockfileVersion": 1,
  "dependencies": {
    "@types/async": {
      "version": "2.0.50",
      "resolved": "https://registry.npmjs.org/@types/async/-/async-2.0.50.tgz",
      "integrity": "sha512-VMhZMMQgV1zsR+lX/0IBfAk+8Eb7dPVMWiQGFAt3qjo5x7Ml6b77jUo0e1C3ToD+XRDXqtrfw+6AB0uUsPEr3Q=="
    },
    "@types/core-js": {
      "version": "2.5.0",
      "resolved": "https://registry.npmjs.org/@types/core-js/-/core-js-2.5.0.tgz",
      "integrity": "sha512-qjkHL3wF0JMHMqgm/kmL8Pf8rIiqvueEiZ0g6NVTcBX1WN46GWDr+V5z+gsHUeL0n8TfAmXnYmF7ajsxmBp4PQ=="
    }
  }
}
